
Microsoft Visual Studio Solution File, Format Version 12.00
# Visual Studio Version 17
VisualStudioVersion = 17.14.36804.6 d17.14
MinimumVisualStudioVersion = 10.0.40219.1
Project("{FAE04EC0-301F-11D3-BF4B-00C04F79EFBC}") = "VSB", "VSB\VSB.csproj", "{AE70DBD8-3940-4393-98D4-2E1D9A5ECA88}"
EndProject
Global
	GlobalSection(SolutionConfigurationPlatforms) = preSolution
		Debug|Any CPU = Debug|Any CPU
		Release|Any CPU = Release|Any CPU
	EndGlobalSection
	GlobalSection(ProjectConfigurationPlatforms) = postSolution
		{AE70DBD8-3940-4393-98D4-2E1D9A5ECA88}.Debug|Any CPU.ActiveCfg = Debug|Any CPU
		{AE70DBD8-3940-4393-98D4-2E1D9A5ECA88}.Debug|Any CPU.Build.0 = Debug|Any CPU
		{AE70DBD8-3940-4393-98D4-2E1D9A5ECA88}.Release|Any CPU.ActiveCfg = Release|Any CPU
		{AE70DBD8-3940-4393-98D4-2E1D9A5ECA88}.Release|Any CPU.Build.0 = Release|Any CPU
	EndGlobalSection
	GlobalSection(SolutionProperties) = preSolution
		HideSolutionNode = FALSE
	EndGlobalSection
	GlobalSection(ExtensibilityGlobals) = postSolution
		SolutionGuid = {DB720ED7-20FC-4C79-A815-972420DC134E}
	EndGlobalSection
EndGlobal
