
Microsoft Visual Studio Solution File, Format Version 12.00
# Visual Studio Version 17
VisualStudioVersion = 17.14.36804.6
MinimumVisualStudioVersion = 10.0.40219.1
Project("{FAE04EC0-301F-11D3-BF4B-00C04F79EFBC}") = "BasedDerived", "BasedDerived\BasedDerived.csproj", "{946BC2BB-B41C-48B6-8FA5-CD01532A25ED}"
EndProject
Project("{FAE04EC0-301F-11D3-BF4B-00C04F79EFBC}") = "MenuDrivenConsole", "MenuDrivenConsole\MenuDrivenConsole.csproj", "{6772ACAF-32A7-40BE-B161-0F1A9EC7EEE7}"
EndProject
Project("{FAE04EC0-301F-11D3-BF4B-00C04F79EFBC}") = "InterfaceFirst", "InterfaceFirst\InterfaceFirst.csproj", "{1BA235BF-A70C-4452-9210-B20522CCF5B6}"
EndProject
Global
	GlobalSection(SolutionConfigurationPlatforms) = preSolution
		Debug|Any CPU = Debug|Any CPU
		Release|Any CPU = Release|Any CPU
	EndGlobalSection
	GlobalSection(ProjectConfigurationPlatforms) = postSolution
		{946BC2BB-B41C-48B6-8FA5-CD01532A25ED}.Debug|Any CPU.ActiveCfg = Debug|Any CPU
		{946BC2BB-B41C-48B6-8FA5-CD01532A25ED}.Debug|Any CPU.Build.0 = Debug|Any CPU
		{946BC2BB-B41C-48B6-8FA5-CD01532A25ED}.Release|Any CPU.ActiveCfg = Release|Any CPU
		{946BC2BB-B41C-48B6-8FA5-CD01532A25ED}.Release|Any CPU.Build.0 = Release|Any CPU
		{6772ACAF-32A7-40BE-B161-0F1A9EC7EEE7}.Debug|Any CPU.ActiveCfg = Debug|Any CPU
		{6772ACAF-32A7-40BE-B161-0F1A9EC7EEE7}.Debug|Any CPU.Build.0 = Debug|Any CPU
		{6772ACAF-32A7-40BE-B161-0F1A9EC7EEE7}.Release|Any CPU.ActiveCfg = Release|Any CPU
		{6772ACAF-32A7-40BE-B161-0F1A9EC7EEE7}.Release|Any CPU.Build.0 = Release|Any CPU
		{1BA235BF-A70C-4452-9210-B20522CCF5B6}.Debug|Any CPU.ActiveCfg = Debug|Any CPU
		{1BA235BF-A70C-4452-9210-B20522CCF5B6}.Debug|Any CPU.Build.0 = Debug|Any CPU
		{1BA235BF-A70C-4452-9210-B20522CCF5B6}.Release|Any CPU.ActiveCfg = Release|Any CPU
		{1BA235BF-A70C-4452-9210-B20522CCF5B6}.Release|Any CPU.Build.0 = Release|Any CPU
	EndGlobalSection
	GlobalSection(SolutionProperties) = preSolution
		HideSolutionNode = FALSE
	EndGlobalSection
	GlobalSection(ExtensibilityGlobals) = postSolution
		SolutionGuid = {4B321262-4AEF-41B6-B055-87676D8F42A9}
	EndGlobalSection
EndGlobal
