
Microsoft Visual Studio Solution File, Format Version 12.00
# Visual Studio Version 17
VisualStudioVersion = 17.14.36804.6 d17.14
MinimumVisualStudioVersion = 10.0.40219.1
Project("{FAE04EC0-301F-11D3-BF4B-00C04F79EFBC}") = "ObserverPattern", "ObserverPattern\ObserverPattern.csproj", "{F8A0EDD3-807A-4CEB-85A9-5E9E12275AC8}"
EndProject
Project("{FAE04EC0-301F-11D3-BF4B-00C04F79EFBC}") = "Collections", "Collections\Collections.csproj", "{981E3018-11EC-4550-A247-6055838474EF}"
EndProject
Project("{FAE04EC0-301F-11D3-BF4B-00C04F79EFBC}") = "Generics", "Generics\Generics.csproj", "{3C5149EC-4C0F-4A74-ABBD-BBC5E58C809B}"
EndProject
Global
	GlobalSection(SolutionConfigurationPlatforms) = preSolution
		Debug|Any CPU = Debug|Any CPU
		Release|Any CPU = Release|Any CPU
	EndGlobalSection
	GlobalSection(ProjectConfigurationPlatforms) = postSolution
		{F8A0EDD3-807A-4CEB-85A9-5E9E12275AC8}.Debug|Any CPU.ActiveCfg = Debug|Any CPU
		{F8A0EDD3-807A-4CEB-85A9-5E9E12275AC8}.Debug|Any CPU.Build.0 = Debug|Any CPU
		{F8A0EDD3-807A-4CEB-85A9-5E9E12275AC8}.Release|Any CPU.ActiveCfg = Release|Any CPU
		{F8A0EDD3-807A-4CEB-85A9-5E9E12275AC8}.Release|Any CPU.Build.0 = Release|Any CPU
		{981E3018-11EC-4550-A247-6055838474EF}.Debug|Any CPU.ActiveCfg = Debug|Any CPU
		{981E3018-11EC-4550-A247-6055838474EF}.Debug|Any CPU.Build.0 = Debug|Any CPU
		{981E3018-11EC-4550-A247-6055838474EF}.Release|Any CPU.ActiveCfg = Release|Any CPU
		{981E3018-11EC-4550-A247-6055838474EF}.Release|Any CPU.Build.0 = Release|Any CPU
		{3C5149EC-4C0F-4A74-ABBD-BBC5E58C809B}.Debug|Any CPU.ActiveCfg = Debug|Any CPU
		{3C5149EC-4C0F-4A74-ABBD-BBC5E58C809B}.Debug|Any CPU.Build.0 = Debug|Any CPU
		{3C5149EC-4C0F-4A74-ABBD-BBC5E58C809B}.Release|Any CPU.ActiveCfg = Release|Any CPU
		{3C5149EC-4C0F-4A74-ABBD-BBC5E58C809B}.Release|Any CPU.Build.0 = Release|Any CPU
	EndGlobalSection
	GlobalSection(SolutionProperties) = preSolution
		HideSolutionNode = FALSE
	EndGlobalSection
	GlobalSection(ExtensibilityGlobals) = postSolution
		SolutionGuid = {57CF1DF9-6769-4ACF-A772-DA75D612C001}
	EndGlobalSection
EndGlobal
